
Microsoft Visual Studio Solution File, Format Version 12.00
# Visual Studio 15
VisualStudioVersion = 15.0.28010.2003
MinimumVisualStudioVersion = 10.0.40219.1
Project("{FAE04EC0-301F-11D3-BF4B-00C04F79EFBC}") = "DatingApp.API", "DatingApp.API\DatingApp.API.csproj", "{86C7C54E-59C8-4094-AE11-CB6F790DC98A}"
EndProject
Global
	GlobalSection(SolutionConfigurationPlatforms) = preSolution
		Debug|Any CPU = Debug|Any CPU
		Release|Any CPU = Release|Any CPU
	EndGlobalSection
	GlobalSection(ProjectConfigurationPlatforms) = postSolution
		{86C7C54E-59C8-4094-AE11-CB6F790DC98A}.Debug|Any CPU.ActiveCfg = Debug|Any CPU
		{86C7C54E-59C8-4094-AE11-CB6F790DC98A}.Debug|Any CPU.Build.0 = Debug|Any CPU
		{86C7C54E-59C8-4094-AE11-CB6F790DC98A}.Release|Any CPU.ActiveCfg = Release|Any CPU
		{86C7C54E-59C8-4094-AE11-CB6F790DC98A}.Release|Any CPU.Build.0 = Release|Any CPU
	EndGlobalSection
	GlobalSection(SolutionProperties) = preSolution
		HideSolutionNode = FALSE
	EndGlobalSection
	GlobalSection(ExtensibilityGlobals) = postSolution
		SolutionGuid = {515609AB-7AE8-4540-BDA3-AD3F8A480972}
	EndGlobalSection
EndGlobal
